
Microsoft Visual Studio Solution File, Format Version 12.00
# Visual Studio Version 16
VisualStudioVersion = 16.0.34114.132
MinimumVisualStudioVersion = 10.0.40219.1
Project("{FAE04EC0-301F-11D3-BF4B-00C04F79EFBC}") = "HmcCncServices", "HmcCncServices\HmcCncServices.csproj", "{588561B4-0C5E-4510-A749-A0588A5555BE}"
EndProject
Project("{FAE04EC0-301F-11D3-BF4B-00C04F79EFBC}") = "EZSocketNc", "EZSocketNc\EZSocketNc.csproj", "{6E658C18-2288-44C6-9A5A-3EEFCBB52067}"
EndProject
Global
	GlobalSection(SolutionConfigurationPlatforms) = preSolution
		Debug|Any CPU = Debug|Any CPU
		Release|Any CPU = Release|Any CPU
	EndGlobalSection
	GlobalSection(ProjectConfigurationPlatforms) = postSolution
		{588561B4-0C5E-4510-A749-A0588A5555BE}.Debug|Any CPU.ActiveCfg = Debug|Any CPU
		{588561B4-0C5E-4510-A749-A0588A5555BE}.Debug|Any CPU.Build.0 = Debug|Any CPU
		{588561B4-0C5E-4510-A749-A0588A5555BE}.Release|Any CPU.ActiveCfg = Release|Any CPU
		{588561B4-0C5E-4510-A749-A0588A5555BE}.Release|Any CPU.Build.0 = Release|Any CPU
		{6E658C18-2288-44C6-9A5A-3EEFCBB52067}.Debug|Any CPU.ActiveCfg = Debug|Any CPU
		{6E658C18-2288-44C6-9A5A-3EEFCBB52067}.Debug|Any CPU.Build.0 = Debug|Any CPU
		{6E658C18-2288-44C6-9A5A-3EEFCBB52067}.Release|Any CPU.ActiveCfg = Release|Any CPU
		{6E658C18-2288-44C6-9A5A-3EEFCBB52067}.Release|Any CPU.Build.0 = Release|Any CPU
	EndGlobalSection
	GlobalSection(SolutionProperties) = preSolution
		HideSolutionNode = FALSE
	EndGlobalSection
	GlobalSection(ExtensibilityGlobals) = postSolution
		SolutionGuid = {E8FCA5D0-FF62-4174-BEB5-988DF95789CF}
	EndGlobalSection
EndGlobal
